# This file is autogenerated, do not edit; changes may be undone by the next 'dep ensure'.


[[projects]]
  name = "github.com/aws/aws-lambda-go"
  packages = ["events","lambda","lambda/handlertrace","lambda/messages","lambdacontext"]
  revision = "b3dd246b7d83fd62856549646711e5328075c69a"
  version = "v1.22.0"

[[projects]]
  name = "github.com/badoux/goscraper"
  packages = ["."]
  revision = "9b4686c4b62c22b0489d53dddf5421605caba33e"
  version = "v1"

[[projects]]
  branch = "master"
  name = "golang.org/x/net"
  packages = ["html","html/atom","html/charset"]
  revision = "89ef3d95e781148a0951956029c92a211477f7f9"

[[projects]]
  name = "golang.org/x/text"
  packages = ["encoding","encoding/charmap","encoding/htmlindex","encoding/internal","encoding/internal/identifier","encoding/japanese","encoding/korean","encoding/simplifiedchinese","encoding/traditionalchinese","encoding/unicode","internal/gen","internal/language","internal/language/compact","internal/tag","internal/utf8internal","language","runes","transform","unicode/cldr"]
  revision = "e328d63cff14134669501e0e154e4f141c784322"
  version = "v0.3.6"

[solve-meta]
  analyzer-name = "dep"
  analyzer-version = 1
  inputs-digest = "54d050a63cdc29bb02e9bc1d242bb24479de9a4d22b644a83429f1ac6040df1c"
  solver-name = "gps-cdcl"
  solver-version = 1
